<Solution>
  <Project Path="src/Polochon.Abstractions/Polochon.Abstractions.csproj" Id="7a93c7cb-f2c8-44c5-bbdd-1cb422b438c0" />
  <Project Path="src/Polochon/Polochon.csproj" Id="5f4bf216-8095-4923-926a-8e1218a96e31" />
  <Project Path="src/Polochon.Serilog/Polochon.Serilog.csproj" Id="9d3a2f4e-6c1b-4a8e-9f2d-1e5b7c8a4d2f" />
  <Project Path="tests/Polochon.Tests/Polochon.Tests.csproj" Id="c528eceb-4acc-4afd-a560-8247cf3eaa8e" />
  <Project Path="tests/Polochon.Serilog.Tests/Polochon.Serilog.Tests.csproj" Id="b6e4c1a9-7f2d-4e3b-8a5c-2d9f6b1e4a7c" />
</Solution>